
Microsoft Visual Studio Solution File, Format Version 12.00
# Visual Studio 15
VisualStudioVersion = 15.0.27130.2010
MinimumVisualStudioVersion = 10.0.40219.1
Project("{F2A71F9B-5D33-465A-A702-920D77279786}") = "WebServer", "WebServer\WebServer.fsproj", "{F2F984CE-91D3-4039-8934-65CBD6E0D04E}"
EndProject
Project("{F2A71F9B-5D33-465A-A702-920D77279786}") = "Tester", "Tester\Tester.fsproj", "{3FBE8960-E598-408D-9C95-320E3B9B2DDD}"
EndProject
Project("{2150E333-8FDC-42A3-9474-1A3956D46DE8}") = "Solution Items", "Solution Items", "{2205CB04-375D-4CBD-8CC3-31DE840E742C}"
	ProjectSection(SolutionItems) = preProject
		.gitignore = .gitignore
		LICENSE = LICENSE
		README.md = README.md
	EndProjectSection
EndProject
Project("{F2A71F9B-5D33-465A-A702-920D77279786}") = "OAuth2", "OAuth2\OAuth2.fsproj", "{E456D758-0C1D-4BF1-AC78-387396DCD627}"
EndProject
Project("{FAE04EC0-301F-11D3-BF4B-00C04F79EFBC}") = "LetsEncrypt", "LetsEncrypt\LetsEncrypt.csproj", "{06E69549-DAE0-40AD-8FA9-4E032DE80FDF}"
EndProject
Global
	GlobalSection(SolutionConfigurationPlatforms) = preSolution
		Debug|Any CPU = Debug|Any CPU
		Release|Any CPU = Release|Any CPU
	EndGlobalSection
	GlobalSection(ProjectConfigurationPlatforms) = postSolution
		{F2F984CE-91D3-4039-8934-65CBD6E0D04E}.Debug|Any CPU.ActiveCfg = Debug|Any CPU
		{F2F984CE-91D3-4039-8934-65CBD6E0D04E}.Debug|Any CPU.Build.0 = Debug|Any CPU
		{F2F984CE-91D3-4039-8934-65CBD6E0D04E}.Release|Any CPU.ActiveCfg = Release|Any CPU
		{F2F984CE-91D3-4039-8934-65CBD6E0D04E}.Release|Any CPU.Build.0 = Release|Any CPU
		{3FBE8960-E598-408D-9C95-320E3B9B2DDD}.Debug|Any CPU.ActiveCfg = Debug|Any CPU
		{3FBE8960-E598-408D-9C95-320E3B9B2DDD}.Debug|Any CPU.Build.0 = Debug|Any CPU
		{3FBE8960-E598-408D-9C95-320E3B9B2DDD}.Release|Any CPU.ActiveCfg = Release|Any CPU
		{3FBE8960-E598-408D-9C95-320E3B9B2DDD}.Release|Any CPU.Build.0 = Release|Any CPU
		{E456D758-0C1D-4BF1-AC78-387396DCD627}.Debug|Any CPU.ActiveCfg = Debug|Any CPU
		{E456D758-0C1D-4BF1-AC78-387396DCD627}.Debug|Any CPU.Build.0 = Debug|Any CPU
		{E456D758-0C1D-4BF1-AC78-387396DCD627}.Release|Any CPU.ActiveCfg = Release|Any CPU
		{E456D758-0C1D-4BF1-AC78-387396DCD627}.Release|Any CPU.Build.0 = Release|Any CPU
		{06E69549-DAE0-40AD-8FA9-4E032DE80FDF}.Debug|Any CPU.ActiveCfg = Debug|Any CPU
		{06E69549-DAE0-40AD-8FA9-4E032DE80FDF}.Debug|Any CPU.Build.0 = Debug|Any CPU
		{06E69549-DAE0-40AD-8FA9-4E032DE80FDF}.Release|Any CPU.ActiveCfg = Release|Any CPU
		{06E69549-DAE0-40AD-8FA9-4E032DE80FDF}.Release|Any CPU.Build.0 = Release|Any CPU
	EndGlobalSection
	GlobalSection(SolutionProperties) = preSolution
		HideSolutionNode = FALSE
	EndGlobalSection
	GlobalSection(ExtensibilityGlobals) = postSolution
		SolutionGuid = {A074E5D6-21BC-4802-A7D7-281AB57B619F}
	EndGlobalSection
EndGlobal
